
Microsoft Visual Studio Solution File, Format Version 11.00
# Visual Studio 2010
Project("{FAE04EC0-301F-11D3-BF4B-00C04F79EFBC}") = "IInteractive.WebTest", "IInteractive.WebTest\IInteractive.WebTest.csproj", "{B559E809-9812-4D61-802E-8372F659E071}"
EndProject
Project("{2150E333-8FDC-42A3-9474-1A3956D46DE8}") = "Solution Items", "Solution Items", "{C9D65D9D-2BC7-42CE-A8DA-1631E19D7DBC}"
	ProjectSection(SolutionItems) = preProject
		IInteractive.WebTest.vsmdi = IInteractive.WebTest.vsmdi
		Local.testsettings = Local.testsettings
		TraceAndTestImpact.testsettings = TraceAndTestImpact.testsettings
	EndProjectSection
EndProject
Project("{FAE04EC0-301F-11D3-BF4B-00C04F79EFBC}") = "CrawlerTestApp", "CrawlerTestApp\CrawlerTestApp.csproj", "{E5BFCBF9-3ACD-4639-ABE6-16A501CB61F3}"
EndProject
Project("{FAE04EC0-301F-11D3-BF4B-00C04F79EFBC}") = "IInteractive.MarkupValidator", "IInteractive.MarkupValidator\IInteractive.MarkupValidator.csproj", "{A83C763A-C91C-471A-9B01-794F4BD7DCC2}"
EndProject
Project("{FAE04EC0-301F-11D3-BF4B-00C04F79EFBC}") = "IInteractive.TestAppConfig", "IInteractive.TestAppConfig\IInteractive.TestAppConfig.csproj", "{D5955B04-B598-4178-BA7A-E572185F8D5C}"
EndProject
Project("{FAE04EC0-301F-11D3-BF4B-00C04F79EFBC}") = "IInteractive.WebConsole", "IInteractive.WebConsole\IInteractive.WebConsole.csproj", "{9D7FAE78-33AA-4404-8A80-6EE203BD2884}"
EndProject
Global
	GlobalSection(TestCaseManagementSettings) = postSolution
		CategoryFile = IInteractive.WebTest.vsmdi
	EndGlobalSection
	GlobalSection(SolutionConfigurationPlatforms) = preSolution
		Debug|Any CPU = Debug|Any CPU
		Debug|Mixed Platforms = Debug|Mixed Platforms
		Debug|x86 = Debug|x86
		Release|Any CPU = Release|Any CPU
		Release|Mixed Platforms = Release|Mixed Platforms
		Release|x86 = Release|x86
	EndGlobalSection
	GlobalSection(ProjectConfigurationPlatforms) = postSolution
		{B559E809-9812-4D61-802E-8372F659E071}.Debug|Any CPU.ActiveCfg = Debug|Any CPU
		{B559E809-9812-4D61-802E-8372F659E071}.Debug|Any CPU.Build.0 = Debug|Any CPU
		{B559E809-9812-4D61-802E-8372F659E071}.Debug|Mixed Platforms.ActiveCfg = Debug|Any CPU
		{B559E809-9812-4D61-802E-8372F659E071}.Debug|Mixed Platforms.Build.0 = Debug|Any CPU
		{B559E809-9812-4D61-802E-8372F659E071}.Debug|x86.ActiveCfg = Debug|Any CPU
		{B559E809-9812-4D61-802E-8372F659E071}.Release|Any CPU.ActiveCfg = Release|Any CPU
		{B559E809-9812-4D61-802E-8372F659E071}.Release|Any CPU.Build.0 = Release|Any CPU
		{B559E809-9812-4D61-802E-8372F659E071}.Release|Mixed Platforms.ActiveCfg = Release|Any CPU
		{B559E809-9812-4D61-802E-8372F659E071}.Release|Mixed Platforms.Build.0 = Release|Any CPU
		{B559E809-9812-4D61-802E-8372F659E071}.Release|x86.ActiveCfg = Release|Any CPU
		{E5BFCBF9-3ACD-4639-ABE6-16A501CB61F3}.Debug|Any CPU.ActiveCfg = Debug|Any CPU
		{E5BFCBF9-3ACD-4639-ABE6-16A501CB61F3}.Debug|Any CPU.Build.0 = Debug|Any CPU
		{E5BFCBF9-3ACD-4639-ABE6-16A501CB61F3}.Debug|Mixed Platforms.ActiveCfg = Debug|Any CPU
		{E5BFCBF9-3ACD-4639-ABE6-16A501CB61F3}.Debug|Mixed Platforms.Build.0 = Debug|Any CPU
		{E5BFCBF9-3ACD-4639-ABE6-16A501CB61F3}.Debug|x86.ActiveCfg = Debug|Any CPU
		{E5BFCBF9-3ACD-4639-ABE6-16A501CB61F3}.Release|Any CPU.ActiveCfg = Release|Any CPU
		{E5BFCBF9-3ACD-4639-ABE6-16A501CB61F3}.Release|Any CPU.Build.0 = Release|Any CPU
		{E5BFCBF9-3ACD-4639-ABE6-16A501CB61F3}.Release|Mixed Platforms.ActiveCfg = Release|Any CPU
		{E5BFCBF9-3ACD-4639-ABE6-16A501CB61F3}.Release|Mixed Platforms.Build.0 = Release|Any CPU
		{E5BFCBF9-3ACD-4639-ABE6-16A501CB61F3}.Release|x86.ActiveCfg = Release|Any CPU
		{A83C763A-C91C-471A-9B01-794F4BD7DCC2}.Debug|Any CPU.ActiveCfg = Debug|Any CPU
		{A83C763A-C91C-471A-9B01-794F4BD7DCC2}.Debug|Any CPU.Build.0 = Debug|Any CPU
		{A83C763A-C91C-471A-9B01-794F4BD7DCC2}.Debug|Mixed Platforms.ActiveCfg = Debug|Any CPU
		{A83C763A-C91C-471A-9B01-794F4BD7DCC2}.Debug|Mixed Platforms.Build.0 = Debug|Any CPU
		{A83C763A-C91C-471A-9B01-794F4BD7DCC2}.Debug|x86.ActiveCfg = Debug|Any CPU
		{A83C763A-C91C-471A-9B01-794F4BD7DCC2}.Release|Any CPU.ActiveCfg = Release|Any CPU
		{A83C763A-C91C-471A-9B01-794F4BD7DCC2}.Release|Any CPU.Build.0 = Release|Any CPU
		{A83C763A-C91C-471A-9B01-794F4BD7DCC2}.Release|Mixed Platforms.ActiveCfg = Release|Any CPU
		{A83C763A-C91C-471A-9B01-794F4BD7DCC2}.Release|Mixed Platforms.Build.0 = Release|Any CPU
		{A83C763A-C91C-471A-9B01-794F4BD7DCC2}.Release|x86.ActiveCfg = Release|Any CPU
		{D5955B04-B598-4178-BA7A-E572185F8D5C}.Debug|Any CPU.ActiveCfg = Debug|x86
		{D5955B04-B598-4178-BA7A-E572185F8D5C}.Debug|Mixed Platforms.ActiveCfg = Debug|x86
		{D5955B04-B598-4178-BA7A-E572185F8D5C}.Debug|Mixed Platforms.Build.0 = Debug|x86
		{D5955B04-B598-4178-BA7A-E572185F8D5C}.Debug|x86.ActiveCfg = Debug|x86
		{D5955B04-B598-4178-BA7A-E572185F8D5C}.Debug|x86.Build.0 = Debug|x86
		{D5955B04-B598-4178-BA7A-E572185F8D5C}.Release|Any CPU.ActiveCfg = Release|x86
		{D5955B04-B598-4178-BA7A-E572185F8D5C}.Release|Mixed Platforms.ActiveCfg = Release|x86
		{D5955B04-B598-4178-BA7A-E572185F8D5C}.Release|Mixed Platforms.Build.0 = Release|x86
		{D5955B04-B598-4178-BA7A-E572185F8D5C}.Release|x86.ActiveCfg = Release|x86
		{D5955B04-B598-4178-BA7A-E572185F8D5C}.Release|x86.Build.0 = Release|x86
		{9D7FAE78-33AA-4404-8A80-6EE203BD2884}.Debug|Any CPU.ActiveCfg = Debug|x86
		{9D7FAE78-33AA-4404-8A80-6EE203BD2884}.Debug|Any CPU.Build.0 = Debug|x86
		{9D7FAE78-33AA-4404-8A80-6EE203BD2884}.Debug|Mixed Platforms.ActiveCfg = Debug|x86
		{9D7FAE78-33AA-4404-8A80-6EE203BD2884}.Debug|Mixed Platforms.Build.0 = Debug|x86
		{9D7FAE78-33AA-4404-8A80-6EE203BD2884}.Debug|x86.ActiveCfg = Debug|x86
		{9D7FAE78-33AA-4404-8A80-6EE203BD2884}.Debug|x86.Build.0 = Debug|x86
		{9D7FAE78-33AA-4404-8A80-6EE203BD2884}.Release|Any CPU.ActiveCfg = Release|x86
		{9D7FAE78-33AA-4404-8A80-6EE203BD2884}.Release|Mixed Platforms.ActiveCfg = Release|x86
		{9D7FAE78-33AA-4404-8A80-6EE203BD2884}.Release|Mixed Platforms.Build.0 = Release|x86
		{9D7FAE78-33AA-4404-8A80-6EE203BD2884}.Release|x86.ActiveCfg = Release|x86
		{9D7FAE78-33AA-4404-8A80-6EE203BD2884}.Release|x86.Build.0 = Release|x86
	EndGlobalSection
	GlobalSection(SolutionProperties) = preSolution
		HideSolutionNode = FALSE
	EndGlobalSection
EndGlobal
